
Microsoft Visual Studio Solution File, Format Version 12.00
# Visual Studio Version 17
VisualStudioVersion = 17.5.33530.505
MinimumVisualStudioVersion = 10.0.40219.1
Project("{2150E333-8FDC-42A3-9474-1A3956D46DE8}") = "Services", "Services", "{FA80A4C0-0361-4B81-BC35-5A124E81D72C}"
EndProject
Project("{2150E333-8FDC-42A3-9474-1A3956D46DE8}") = "Catalog", "Catalog", "{43DA2380-5CE0-4584-A610-E98D6989FB99}"
EndProject
Project("{FAE04EC0-301F-11D3-BF4B-00C04F79EFBC}") = "Catalog-Api", "Services\Catalog\Catalog-Api\Catalog-Api.csproj", "{17F8289F-A0DD-41CA-BA47-4CA6DAEDC48A}"
EndProject
Global
	GlobalSection(SolutionConfigurationPlatforms) = preSolution
		Debug|Any CPU = Debug|Any CPU
		Release|Any CPU = Release|Any CPU
	EndGlobalSection
	GlobalSection(ProjectConfigurationPlatforms) = postSolution
		{17F8289F-A0DD-41CA-BA47-4CA6DAEDC48A}.Debug|Any CPU.ActiveCfg = Debug|Any CPU
		{17F8289F-A0DD-41CA-BA47-4CA6DAEDC48A}.Debug|Any CPU.Build.0 = Debug|Any CPU
		{17F8289F-A0DD-41CA-BA47-4CA6DAEDC48A}.Release|Any CPU.ActiveCfg = Release|Any CPU
		{17F8289F-A0DD-41CA-BA47-4CA6DAEDC48A}.Release|Any CPU.Build.0 = Release|Any CPU
	EndGlobalSection
	GlobalSection(SolutionProperties) = preSolution
		HideSolutionNode = FALSE
	EndGlobalSection
	GlobalSection(NestedProjects) = preSolution
		{43DA2380-5CE0-4584-A610-E98D6989FB99} = {FA80A4C0-0361-4B81-BC35-5A124E81D72C}
		{17F8289F-A0DD-41CA-BA47-4CA6DAEDC48A} = {43DA2380-5CE0-4584-A610-E98D6989FB99}
	EndGlobalSection
	GlobalSection(ExtensibilityGlobals) = postSolution
		SolutionGuid = {732AC3D4-B3D7-4087-8D5B-951846B0F31A}
	EndGlobalSection
EndGlobal
