
Microsoft Visual Studio Solution File, Format Version 12.00
# Visual Studio Version 17
VisualStudioVersion = 17.5.33530.505
MinimumVisualStudioVersion = 10.0.40219.1
Project("{2150E333-8FDC-42A3-9474-1A3956D46DE8}") = "Services", "Services", "{FA80A4C0-0361-4B81-BC35-5A124E81D72C}"
EndProject
Project("{2150E333-8FDC-42A3-9474-1A3956D46DE8}") = "Catalog", "Catalog", "{43DA2380-5CE0-4584-A610-E98D6989FB99}"
	ProjectSection(SolutionItems) = preProject
		ApiTesting.http = ApiTesting.http
	EndProjectSection
EndProject
Project("{9A19103F-16F7-4668-BE54-9A1E7A4F7556}") = "Catalog-Api", "Services\Catalog\Catalog-Api\Catalog-Api.csproj", "{17F8289F-A0DD-41CA-BA47-4CA6DAEDC48A}"
EndProject
Project("{2150E333-8FDC-42A3-9474-1A3956D46DE8}") = "BuildingBlocks", "BuildingBlocks", "{22D97D7C-74B3-4613-A7FB-663B188FD706}"
EndProject
Project("{9A19103F-16F7-4668-BE54-9A1E7A4F7556}") = "BuildingBlocks", "BuildingBlocks\BuildingBlocks\BuildingBlocks.csproj", "{A60C0563-2736-464E-9AB7-71CF80F5AE46}"
EndProject
Project("{E53339B2-1760-4266-BCC7-CA923CBCF16C}") = "docker-compose", "docker-compose.dcproj", "{E7E5C517-8C2E-49F2-AA8F-FC0C7427BA4B}"
EndProject
Project("{9A19103F-16F7-4668-BE54-9A1E7A4F7556}") = "Basket-Api", "Services\Basket\Basket-Api\Basket-Api.csproj", "{A7203F05-2788-4C10-A483-F4C4118F7322}"
EndProject
Project("{2150E333-8FDC-42A3-9474-1A3956D46DE8}") = "Basket", "Basket", "{85965DDC-BF7A-4221-A63F-A0C94D94306B}"
EndProject
Project("{2150E333-8FDC-42A3-9474-1A3956D46DE8}") = "Discount", "Discount", "{78D97F94-139A-4CBE-9DBD-CE311D0BEB4D}"
EndProject
Project("{9A19103F-16F7-4668-BE54-9A1E7A4F7556}") = "Discount_gRPC", "Services\Discount\Discount-gRPC\Discount_gRPC.csproj", "{9A4B3F95-6A44-41F6-9A62-38C513AC5D0E}"
EndProject
Project("{2150E333-8FDC-42A3-9474-1A3956D46DE8}") = "Ordering", "Ordering", "{A00FF8CC-34A5-42E1-986B-10A21F2C3C7D}"
EndProject
Project("{9A19103F-16F7-4668-BE54-9A1E7A4F7556}") = "Ordering_Api", "Services\Ordering\Ordering_Api\Ordering_Api.csproj", "{1A5C0A4D-6502-4327-96F5-12CD86286226}"
EndProject
Project("{9A19103F-16F7-4668-BE54-9A1E7A4F7556}") = "Ordering.Domain", "Services\Ordering\Ordering.Domain\Ordering.Domain.csproj", "{A7F814C4-C7AB-4172-8822-5725355AFEFD}"
EndProject
Project("{9A19103F-16F7-4668-BE54-9A1E7A4F7556}") = "Ordering.Application", "Services\Ordering\Ordering.Application\Ordering.Application.csproj", "{99188861-A4B8-46C1-BDF1-DDEE0EF0C6FA}"
EndProject
Project("{9A19103F-16F7-4668-BE54-9A1E7A4F7556}") = "Ordering.Infrastructure", "Services\Ordering\Ordering.Infrastructure\Ordering.Infrastructure.csproj", "{5F43D07D-0255-4B85-B8F2-0CD25F6E8AC1}"
EndProject
Project("{FAE04EC0-301F-11D3-BF4B-00C04F79EFBC}") = "BuildingBlocks.Messaging", "BuildingBlocks\BuildingBlocks.Messaging\BuildingBlocks.Messaging.csproj", "{D852401A-7580-4271-81FB-D2FC3A3534A7}"
EndProject
Global
	GlobalSection(SolutionConfigurationPlatforms) = preSolution
		Debug|Any CPU = Debug|Any CPU
		Release|Any CPU = Release|Any CPU
	EndGlobalSection
	GlobalSection(ProjectConfigurationPlatforms) = postSolution
		{17F8289F-A0DD-41CA-BA47-4CA6DAEDC48A}.Debug|Any CPU.ActiveCfg = Debug|Any CPU
		{17F8289F-A0DD-41CA-BA47-4CA6DAEDC48A}.Debug|Any CPU.Build.0 = Debug|Any CPU
		{17F8289F-A0DD-41CA-BA47-4CA6DAEDC48A}.Release|Any CPU.ActiveCfg = Release|Any CPU
		{17F8289F-A0DD-41CA-BA47-4CA6DAEDC48A}.Release|Any CPU.Build.0 = Release|Any CPU
		{A60C0563-2736-464E-9AB7-71CF80F5AE46}.Debug|Any CPU.ActiveCfg = Debug|Any CPU
		{A60C0563-2736-464E-9AB7-71CF80F5AE46}.Debug|Any CPU.Build.0 = Debug|Any CPU
		{A60C0563-2736-464E-9AB7-71CF80F5AE46}.Release|Any CPU.ActiveCfg = Release|Any CPU
		{A60C0563-2736-464E-9AB7-71CF80F5AE46}.Release|Any CPU.Build.0 = Release|Any CPU
		{E7E5C517-8C2E-49F2-AA8F-FC0C7427BA4B}.Debug|Any CPU.ActiveCfg = Debug|Any CPU
		{E7E5C517-8C2E-49F2-AA8F-FC0C7427BA4B}.Debug|Any CPU.Build.0 = Debug|Any CPU
		{E7E5C517-8C2E-49F2-AA8F-FC0C7427BA4B}.Release|Any CPU.ActiveCfg = Release|Any CPU
		{E7E5C517-8C2E-49F2-AA8F-FC0C7427BA4B}.Release|Any CPU.Build.0 = Release|Any CPU
		{A7203F05-2788-4C10-A483-F4C4118F7322}.Debug|Any CPU.ActiveCfg = Debug|Any CPU
		{A7203F05-2788-4C10-A483-F4C4118F7322}.Debug|Any CPU.Build.0 = Debug|Any CPU
		{A7203F05-2788-4C10-A483-F4C4118F7322}.Release|Any CPU.ActiveCfg = Release|Any CPU
		{A7203F05-2788-4C10-A483-F4C4118F7322}.Release|Any CPU.Build.0 = Release|Any CPU
		{9A4B3F95-6A44-41F6-9A62-38C513AC5D0E}.Debug|Any CPU.ActiveCfg = Debug|Any CPU
		{9A4B3F95-6A44-41F6-9A62-38C513AC5D0E}.Debug|Any CPU.Build.0 = Debug|Any CPU
		{9A4B3F95-6A44-41F6-9A62-38C513AC5D0E}.Release|Any CPU.ActiveCfg = Release|Any CPU
		{9A4B3F95-6A44-41F6-9A62-38C513AC5D0E}.Release|Any CPU.Build.0 = Release|Any CPU
		{1A5C0A4D-6502-4327-96F5-12CD86286226}.Debug|Any CPU.ActiveCfg = Debug|Any CPU
		{1A5C0A4D-6502-4327-96F5-12CD86286226}.Debug|Any CPU.Build.0 = Debug|Any CPU
		{1A5C0A4D-6502-4327-96F5-12CD86286226}.Release|Any CPU.ActiveCfg = Release|Any CPU
		{1A5C0A4D-6502-4327-96F5-12CD86286226}.Release|Any CPU.Build.0 = Release|Any CPU
		{A7F814C4-C7AB-4172-8822-5725355AFEFD}.Debug|Any CPU.ActiveCfg = Debug|Any CPU
		{A7F814C4-C7AB-4172-8822-5725355AFEFD}.Debug|Any CPU.Build.0 = Debug|Any CPU
		{A7F814C4-C7AB-4172-8822-5725355AFEFD}.Release|Any CPU.ActiveCfg = Release|Any CPU
		{A7F814C4-C7AB-4172-8822-5725355AFEFD}.Release|Any CPU.Build.0 = Release|Any CPU
		{99188861-A4B8-46C1-BDF1-DDEE0EF0C6FA}.Debug|Any CPU.ActiveCfg = Debug|Any CPU
		{99188861-A4B8-46C1-BDF1-DDEE0EF0C6FA}.Debug|Any CPU.Build.0 = Debug|Any CPU
		{99188861-A4B8-46C1-BDF1-DDEE0EF0C6FA}.Release|Any CPU.ActiveCfg = Release|Any CPU
		{99188861-A4B8-46C1-BDF1-DDEE0EF0C6FA}.Release|Any CPU.Build.0 = Release|Any CPU
		{5F43D07D-0255-4B85-B8F2-0CD25F6E8AC1}.Debug|Any CPU.ActiveCfg = Debug|Any CPU
		{5F43D07D-0255-4B85-B8F2-0CD25F6E8AC1}.Debug|Any CPU.Build.0 = Debug|Any CPU
		{5F43D07D-0255-4B85-B8F2-0CD25F6E8AC1}.Release|Any CPU.ActiveCfg = Release|Any CPU
		{5F43D07D-0255-4B85-B8F2-0CD25F6E8AC1}.Release|Any CPU.Build.0 = Release|Any CPU
		{D852401A-7580-4271-81FB-D2FC3A3534A7}.Debug|Any CPU.ActiveCfg = Debug|Any CPU
		{D852401A-7580-4271-81FB-D2FC3A3534A7}.Debug|Any CPU.Build.0 = Debug|Any CPU
		{D852401A-7580-4271-81FB-D2FC3A3534A7}.Release|Any CPU.ActiveCfg = Release|Any CPU
		{D852401A-7580-4271-81FB-D2FC3A3534A7}.Release|Any CPU.Build.0 = Release|Any CPU
	EndGlobalSection
	GlobalSection(SolutionProperties) = preSolution
		HideSolutionNode = FALSE
	EndGlobalSection
	GlobalSection(NestedProjects) = preSolution
		{43DA2380-5CE0-4584-A610-E98D6989FB99} = {FA80A4C0-0361-4B81-BC35-5A124E81D72C}
		{17F8289F-A0DD-41CA-BA47-4CA6DAEDC48A} = {43DA2380-5CE0-4584-A610-E98D6989FB99}
		{A60C0563-2736-464E-9AB7-71CF80F5AE46} = {22D97D7C-74B3-4613-A7FB-663B188FD706}
		{A7203F05-2788-4C10-A483-F4C4118F7322} = {85965DDC-BF7A-4221-A63F-A0C94D94306B}
		{85965DDC-BF7A-4221-A63F-A0C94D94306B} = {FA80A4C0-0361-4B81-BC35-5A124E81D72C}
		{78D97F94-139A-4CBE-9DBD-CE311D0BEB4D} = {FA80A4C0-0361-4B81-BC35-5A124E81D72C}
		{9A4B3F95-6A44-41F6-9A62-38C513AC5D0E} = {78D97F94-139A-4CBE-9DBD-CE311D0BEB4D}
		{A00FF8CC-34A5-42E1-986B-10A21F2C3C7D} = {FA80A4C0-0361-4B81-BC35-5A124E81D72C}
		{1A5C0A4D-6502-4327-96F5-12CD86286226} = {A00FF8CC-34A5-42E1-986B-10A21F2C3C7D}
		{A7F814C4-C7AB-4172-8822-5725355AFEFD} = {A00FF8CC-34A5-42E1-986B-10A21F2C3C7D}
		{99188861-A4B8-46C1-BDF1-DDEE0EF0C6FA} = {A00FF8CC-34A5-42E1-986B-10A21F2C3C7D}
		{5F43D07D-0255-4B85-B8F2-0CD25F6E8AC1} = {A00FF8CC-34A5-42E1-986B-10A21F2C3C7D}
		{D852401A-7580-4271-81FB-D2FC3A3534A7} = {22D97D7C-74B3-4613-A7FB-663B188FD706}
	EndGlobalSection
	GlobalSection(ExtensibilityGlobals) = postSolution
		SolutionGuid = {732AC3D4-B3D7-4087-8D5B-951846B0F31A}
	EndGlobalSection
EndGlobal
